{
  "object": {
    "pins": [
      {
        "package": "Result",
        "repositoryURL": "https://github.com/antitypical/Result.git",
        "state": {
          "branch": null,
          "revision": "12920a5c2595926efab9274d6003e29f503dbb66",
          "version": "5.0.0"
        }
      }
    ]
  },
  "version": 1
}
